
Microsoft Visual Studio Solution File, Format Version 12.00
# Visual Studio 2013
Project("{FAE04EC0-301F-11D3-BF4B-00C04F79EFBC}") = "FastBall.CSharp", "FastBall.CSharp.csproj", "{2576CFFE-611D-0172-F7FC-B67C20CD64F7}"
EndProject
Project("{FAE04EC0-301F-11D3-BF4B-00C04F79EFBC}") = "FastBall.CSharp.Editor", "FastBall.CSharp.Editor.csproj", "{0B204FC8-12C4-0B95-94F3-0C2DC1527D20}"
EndProject
Global
	GlobalSection(SolutionConfigurationPlatforms) = preSolution
		Debug|Any CPU = Debug|Any CPU
		Release|Any CPU = Release|Any CPU
	EndGlobalSection
	GlobalSection(ProjectConfigurationPlatforms) = postSolution
		{2576CFFE-611D-0172-F7FC-B67C20CD64F7}.Debug|Any CPU.ActiveCfg = Debug|Any CPU
		{2576CFFE-611D-0172-F7FC-B67C20CD64F7}.Debug|Any CPU.Build.0 = Debug|Any CPU
		{2576CFFE-611D-0172-F7FC-B67C20CD64F7}.Release|Any CPU.ActiveCfg = Release|Any CPU
		{2576CFFE-611D-0172-F7FC-B67C20CD64F7}.Release|Any CPU.Build.0 = Release|Any CPU
		{0B204FC8-12C4-0B95-94F3-0C2DC1527D20}.Debug|Any CPU.ActiveCfg = Debug|Any CPU
		{0B204FC8-12C4-0B95-94F3-0C2DC1527D20}.Debug|Any CPU.Build.0 = Debug|Any CPU
		{0B204FC8-12C4-0B95-94F3-0C2DC1527D20}.Release|Any CPU.ActiveCfg = Release|Any CPU
		{0B204FC8-12C4-0B95-94F3-0C2DC1527D20}.Release|Any CPU.Build.0 = Release|Any CPU
	EndGlobalSection
	GlobalSection(SolutionProperties) = preSolution
		HideSolutionNode = FALSE
	EndGlobalSection
EndGlobal
